
Microsoft Visual Studio Solution File, Format Version 12.00
# Visual Studio Version 16
VisualStudioVersion = 16.0.33423.256
MinimumVisualStudioVersion = 10.0.40219.1
Project("{FAE04EC0-301F-11D3-BF4B-00C04F79EFBC}") = "1-Lada", "1-Lada\1-Lada.csproj", "{D1CED061-DF6C-4E29-A095-FAF4BDA55211}"
EndProject
Global
	GlobalSection(SolutionConfigurationPlatforms) = preSolution
		Debug|Any CPU = Debug|Any CPU
		Release|Any CPU = Release|Any CPU
	EndGlobalSection
	GlobalSection(ProjectConfigurationPlatforms) = postSolution
		{D1CED061-DF6C-4E29-A095-FAF4BDA55211}.Debug|Any CPU.ActiveCfg = Debug|Any CPU
		{D1CED061-DF6C-4E29-A095-FAF4BDA55211}.Debug|Any CPU.Build.0 = Debug|Any CPU
		{D1CED061-DF6C-4E29-A095-FAF4BDA55211}.Release|Any CPU.ActiveCfg = Release|Any CPU
		{D1CED061-DF6C-4E29-A095-FAF4BDA55211}.Release|Any CPU.Build.0 = Release|Any CPU
	EndGlobalSection
	GlobalSection(SolutionProperties) = preSolution
		HideSolutionNode = FALSE
	EndGlobalSection
	GlobalSection(ExtensibilityGlobals) = postSolution
		SolutionGuid = {F6808167-5F43-4558-B783-C9FCA56B5055}
	EndGlobalSection
EndGlobal
