
Microsoft Visual Studio Solution File, Format Version 12.00
# Visual Studio Version 16
VisualStudioVersion = 16.0.33423.256
MinimumVisualStudioVersion = 10.0.40219.1
Project("{FAE04EC0-301F-11D3-BF4B-00C04F79EFBC}") = "3_Lada", "3_Lada\3_Lada.csproj", "{1DA74999-35D3-47AC-9424-EFA7F9E914EA}"
EndProject
Global
	GlobalSection(SolutionConfigurationPlatforms) = preSolution
		Debug|Any CPU = Debug|Any CPU
		Release|Any CPU = Release|Any CPU
	EndGlobalSection
	GlobalSection(ProjectConfigurationPlatforms) = postSolution
		{1DA74999-35D3-47AC-9424-EFA7F9E914EA}.Debug|Any CPU.ActiveCfg = Debug|Any CPU
		{1DA74999-35D3-47AC-9424-EFA7F9E914EA}.Debug|Any CPU.Build.0 = Debug|Any CPU
		{1DA74999-35D3-47AC-9424-EFA7F9E914EA}.Release|Any CPU.ActiveCfg = Release|Any CPU
		{1DA74999-35D3-47AC-9424-EFA7F9E914EA}.Release|Any CPU.Build.0 = Release|Any CPU
	EndGlobalSection
	GlobalSection(SolutionProperties) = preSolution
		HideSolutionNode = FALSE
	EndGlobalSection
	GlobalSection(ExtensibilityGlobals) = postSolution
		SolutionGuid = {07ABA1AA-C2F6-4BD4-90AD-45739E7B0B81}
	EndGlobalSection
EndGlobal
